
Microsoft Visual Studio Solution File, Format Version 12.00
# Visual Studio Version 16
VisualStudioVersion = 16.0.31019.35
MinimumVisualStudioVersion = 15.0.26124.0
Project("{2150E333-8FDC-42A3-9474-1A3956D46DE8}") = "Solution Items", "Solution Items", "{08CCFCF6-2248-43ED-A6EF-E972A2DA0E6A}"
	ProjectSection(SolutionItems) = preProject
		build.fsx = build.fsx
		package-lock.json = package-lock.json
		package.json = package.json
		paket.dependencies = paket.dependencies
		paket.lock = paket.lock
		README.md = README.md
		webpack.config.js = webpack.config.js
		webpack.tests.config.js = webpack.tests.config.js
	EndProjectSection
EndProject
Project("{2150E333-8FDC-42A3-9474-1A3956D46DE8}") = "src", "src", "{F84DCF8A-FC1A-4677-AF4D-616AD7DB3470}"
EndProject
Project("{6EC3EE1D-3C4E-46DD-8F32-0CC8E7565705}") = "Shared", "src\Shared\Shared.fsproj", "{B743B9A7-78C6-4FEB-ADDD-19B27F542340}"
EndProject
Project("{6EC3EE1D-3C4E-46DD-8F32-0CC8E7565705}") = "Client.App", "src\Client\Client.App\Client.App.fsproj", "{8F1A0074-C392-4975-8020-55176D9CB0B5}"
EndProject
Project("{2150E333-8FDC-42A3-9474-1A3956D46DE8}") = "tests", "tests", "{3820D9E8-1B4E-486E-9C46-D52E3784D222}"
EndProject
Project("{6EC3EE1D-3C4E-46DD-8F32-0CC8E7565705}") = "Shared.Tests", "tests\Shared\Shared.Tests.fsproj", "{87197987-1524-4E8A-A7CB-4440BD22A395}"
EndProject
Project("{6EC3EE1D-3C4E-46DD-8F32-0CC8E7565705}") = "Server.Tests", "tests\Server\Server.Tests.fsproj", "{9ADB89B5-54DA-4F25-B2D0-013A7FCEFABA}"
EndProject
Project("{6EC3EE1D-3C4E-46DD-8F32-0CC8E7565705}") = "Client.Tests", "tests\Client\Client.Tests.fsproj", "{CF8C20AC-1FC4-4114-ACB8-6CE6E51F34F9}"
EndProject
Project("{6EC3EE1D-3C4E-46DD-8F32-0CC8E7565705}") = "Server.App", "src\Server\Server.App\Server.App.fsproj", "{00D8AACE-6808-4AAC-A887-3E78C61FC294}"
EndProject
Project("{F2A71F9B-5D33-465A-A702-920D77279786}") = "Server.DAL", "Server.DAL\Server.DAL.fsproj", "{1F915FF1-1E27-4F1D-8025-934E39A9A85D}"
EndProject
Global
	GlobalSection(SolutionConfigurationPlatforms) = preSolution
		Debug|Any CPU = Debug|Any CPU
		Debug|x64 = Debug|x64
		Debug|x86 = Debug|x86
		Release|Any CPU = Release|Any CPU
		Release|x64 = Release|x64
		Release|x86 = Release|x86
	EndGlobalSection
	GlobalSection(ProjectConfigurationPlatforms) = postSolution
		{B743B9A7-78C6-4FEB-ADDD-19B27F542340}.Debug|Any CPU.ActiveCfg = Debug|Any CPU
		{B743B9A7-78C6-4FEB-ADDD-19B27F542340}.Debug|Any CPU.Build.0 = Debug|Any CPU
		{B743B9A7-78C6-4FEB-ADDD-19B27F542340}.Debug|x64.ActiveCfg = Debug|Any CPU
		{B743B9A7-78C6-4FEB-ADDD-19B27F542340}.Debug|x64.Build.0 = Debug|Any CPU
		{B743B9A7-78C6-4FEB-ADDD-19B27F542340}.Debug|x86.ActiveCfg = Debug|Any CPU
		{B743B9A7-78C6-4FEB-ADDD-19B27F542340}.Debug|x86.Build.0 = Debug|Any CPU
		{B743B9A7-78C6-4FEB-ADDD-19B27F542340}.Release|Any CPU.ActiveCfg = Release|Any CPU
		{B743B9A7-78C6-4FEB-ADDD-19B27F542340}.Release|Any CPU.Build.0 = Release|Any CPU
		{B743B9A7-78C6-4FEB-ADDD-19B27F542340}.Release|x64.ActiveCfg = Release|Any CPU
		{B743B9A7-78C6-4FEB-ADDD-19B27F542340}.Release|x64.Build.0 = Release|Any CPU
		{B743B9A7-78C6-4FEB-ADDD-19B27F542340}.Release|x86.ActiveCfg = Release|Any CPU
		{B743B9A7-78C6-4FEB-ADDD-19B27F542340}.Release|x86.Build.0 = Release|Any CPU
		{8F1A0074-C392-4975-8020-55176D9CB0B5}.Debug|Any CPU.ActiveCfg = Debug|Any CPU
		{8F1A0074-C392-4975-8020-55176D9CB0B5}.Debug|Any CPU.Build.0 = Debug|Any CPU
		{8F1A0074-C392-4975-8020-55176D9CB0B5}.Debug|x64.ActiveCfg = Debug|Any CPU
		{8F1A0074-C392-4975-8020-55176D9CB0B5}.Debug|x64.Build.0 = Debug|Any CPU
		{8F1A0074-C392-4975-8020-55176D9CB0B5}.Debug|x86.ActiveCfg = Debug|Any CPU
		{8F1A0074-C392-4975-8020-55176D9CB0B5}.Debug|x86.Build.0 = Debug|Any CPU
		{8F1A0074-C392-4975-8020-55176D9CB0B5}.Release|Any CPU.ActiveCfg = Release|Any CPU
		{8F1A0074-C392-4975-8020-55176D9CB0B5}.Release|Any CPU.Build.0 = Release|Any CPU
		{8F1A0074-C392-4975-8020-55176D9CB0B5}.Release|x64.ActiveCfg = Release|Any CPU
		{8F1A0074-C392-4975-8020-55176D9CB0B5}.Release|x64.Build.0 = Release|Any CPU
		{8F1A0074-C392-4975-8020-55176D9CB0B5}.Release|x86.ActiveCfg = Release|Any CPU
		{8F1A0074-C392-4975-8020-55176D9CB0B5}.Release|x86.Build.0 = Release|Any CPU
		{87197987-1524-4E8A-A7CB-4440BD22A395}.Debug|Any CPU.ActiveCfg = Debug|Any CPU
		{87197987-1524-4E8A-A7CB-4440BD22A395}.Debug|Any CPU.Build.0 = Debug|Any CPU
		{87197987-1524-4E8A-A7CB-4440BD22A395}.Debug|x64.ActiveCfg = Debug|Any CPU
		{87197987-1524-4E8A-A7CB-4440BD22A395}.Debug|x64.Build.0 = Debug|Any CPU
		{87197987-1524-4E8A-A7CB-4440BD22A395}.Debug|x86.ActiveCfg = Debug|Any CPU
		{87197987-1524-4E8A-A7CB-4440BD22A395}.Debug|x86.Build.0 = Debug|Any CPU
		{87197987-1524-4E8A-A7CB-4440BD22A395}.Release|Any CPU.ActiveCfg = Release|Any CPU
		{87197987-1524-4E8A-A7CB-4440BD22A395}.Release|Any CPU.Build.0 = Release|Any CPU
		{87197987-1524-4E8A-A7CB-4440BD22A395}.Release|x64.ActiveCfg = Release|Any CPU
		{87197987-1524-4E8A-A7CB-4440BD22A395}.Release|x64.Build.0 = Release|Any CPU
		{87197987-1524-4E8A-A7CB-4440BD22A395}.Release|x86.ActiveCfg = Release|Any CPU
		{87197987-1524-4E8A-A7CB-4440BD22A395}.Release|x86.Build.0 = Release|Any CPU
		{9ADB89B5-54DA-4F25-B2D0-013A7FCEFABA}.Debug|Any CPU.ActiveCfg = Debug|Any CPU
		{9ADB89B5-54DA-4F25-B2D0-013A7FCEFABA}.Debug|Any CPU.Build.0 = Debug|Any CPU
		{9ADB89B5-54DA-4F25-B2D0-013A7FCEFABA}.Debug|x64.ActiveCfg = Debug|Any CPU
		{9ADB89B5-54DA-4F25-B2D0-013A7FCEFABA}.Debug|x64.Build.0 = Debug|Any CPU
		{9ADB89B5-54DA-4F25-B2D0-013A7FCEFABA}.Debug|x86.ActiveCfg = Debug|Any CPU
		{9ADB89B5-54DA-4F25-B2D0-013A7FCEFABA}.Debug|x86.Build.0 = Debug|Any CPU
		{9ADB89B5-54DA-4F25-B2D0-013A7FCEFABA}.Release|Any CPU.ActiveCfg = Release|Any CPU
		{9ADB89B5-54DA-4F25-B2D0-013A7FCEFABA}.Release|Any CPU.Build.0 = Release|Any CPU
		{9ADB89B5-54DA-4F25-B2D0-013A7FCEFABA}.Release|x64.ActiveCfg = Release|Any CPU
		{9ADB89B5-54DA-4F25-B2D0-013A7FCEFABA}.Release|x64.Build.0 = Release|Any CPU
		{9ADB89B5-54DA-4F25-B2D0-013A7FCEFABA}.Release|x86.ActiveCfg = Release|Any CPU
		{9ADB89B5-54DA-4F25-B2D0-013A7FCEFABA}.Release|x86.Build.0 = Release|Any CPU
		{CF8C20AC-1FC4-4114-ACB8-6CE6E51F34F9}.Debug|Any CPU.ActiveCfg = Debug|Any CPU
		{CF8C20AC-1FC4-4114-ACB8-6CE6E51F34F9}.Debug|Any CPU.Build.0 = Debug|Any CPU
		{CF8C20AC-1FC4-4114-ACB8-6CE6E51F34F9}.Debug|x64.ActiveCfg = Debug|Any CPU
		{CF8C20AC-1FC4-4114-ACB8-6CE6E51F34F9}.Debug|x64.Build.0 = Debug|Any CPU
		{CF8C20AC-1FC4-4114-ACB8-6CE6E51F34F9}.Debug|x86.ActiveCfg = Debug|Any CPU
		{CF8C20AC-1FC4-4114-ACB8-6CE6E51F34F9}.Debug|x86.Build.0 = Debug|Any CPU
		{CF8C20AC-1FC4-4114-ACB8-6CE6E51F34F9}.Release|Any CPU.ActiveCfg = Release|Any CPU
		{CF8C20AC-1FC4-4114-ACB8-6CE6E51F34F9}.Release|Any CPU.Build.0 = Release|Any CPU
		{CF8C20AC-1FC4-4114-ACB8-6CE6E51F34F9}.Release|x64.ActiveCfg = Release|Any CPU
		{CF8C20AC-1FC4-4114-ACB8-6CE6E51F34F9}.Release|x64.Build.0 = Release|Any CPU
		{CF8C20AC-1FC4-4114-ACB8-6CE6E51F34F9}.Release|x86.ActiveCfg = Release|Any CPU
		{CF8C20AC-1FC4-4114-ACB8-6CE6E51F34F9}.Release|x86.Build.0 = Release|Any CPU
		{00D8AACE-6808-4AAC-A887-3E78C61FC294}.Debug|Any CPU.ActiveCfg = Debug|Any CPU
		{00D8AACE-6808-4AAC-A887-3E78C61FC294}.Debug|Any CPU.Build.0 = Debug|Any CPU
		{00D8AACE-6808-4AAC-A887-3E78C61FC294}.Debug|x64.ActiveCfg = Debug|Any CPU
		{00D8AACE-6808-4AAC-A887-3E78C61FC294}.Debug|x64.Build.0 = Debug|Any CPU
		{00D8AACE-6808-4AAC-A887-3E78C61FC294}.Debug|x86.ActiveCfg = Debug|Any CPU
		{00D8AACE-6808-4AAC-A887-3E78C61FC294}.Debug|x86.Build.0 = Debug|Any CPU
		{00D8AACE-6808-4AAC-A887-3E78C61FC294}.Release|Any CPU.ActiveCfg = Release|Any CPU
		{00D8AACE-6808-4AAC-A887-3E78C61FC294}.Release|Any CPU.Build.0 = Release|Any CPU
		{00D8AACE-6808-4AAC-A887-3E78C61FC294}.Release|x64.ActiveCfg = Release|Any CPU
		{00D8AACE-6808-4AAC-A887-3E78C61FC294}.Release|x64.Build.0 = Release|Any CPU
		{00D8AACE-6808-4AAC-A887-3E78C61FC294}.Release|x86.ActiveCfg = Release|Any CPU
		{00D8AACE-6808-4AAC-A887-3E78C61FC294}.Release|x86.Build.0 = Release|Any CPU
		{1F915FF1-1E27-4F1D-8025-934E39A9A85D}.Debug|Any CPU.ActiveCfg = Debug|Any CPU
		{1F915FF1-1E27-4F1D-8025-934E39A9A85D}.Debug|Any CPU.Build.0 = Debug|Any CPU
		{1F915FF1-1E27-4F1D-8025-934E39A9A85D}.Debug|x64.ActiveCfg = Debug|Any CPU
		{1F915FF1-1E27-4F1D-8025-934E39A9A85D}.Debug|x64.Build.0 = Debug|Any CPU
		{1F915FF1-1E27-4F1D-8025-934E39A9A85D}.Debug|x86.ActiveCfg = Debug|Any CPU
		{1F915FF1-1E27-4F1D-8025-934E39A9A85D}.Debug|x86.Build.0 = Debug|Any CPU
		{1F915FF1-1E27-4F1D-8025-934E39A9A85D}.Release|Any CPU.ActiveCfg = Release|Any CPU
		{1F915FF1-1E27-4F1D-8025-934E39A9A85D}.Release|Any CPU.Build.0 = Release|Any CPU
		{1F915FF1-1E27-4F1D-8025-934E39A9A85D}.Release|x64.ActiveCfg = Release|Any CPU
		{1F915FF1-1E27-4F1D-8025-934E39A9A85D}.Release|x64.Build.0 = Release|Any CPU
		{1F915FF1-1E27-4F1D-8025-934E39A9A85D}.Release|x86.ActiveCfg = Release|Any CPU
		{1F915FF1-1E27-4F1D-8025-934E39A9A85D}.Release|x86.Build.0 = Release|Any CPU
	EndGlobalSection
	GlobalSection(SolutionProperties) = preSolution
		HideSolutionNode = FALSE
	EndGlobalSection
	GlobalSection(NestedProjects) = preSolution
		{B743B9A7-78C6-4FEB-ADDD-19B27F542340} = {F84DCF8A-FC1A-4677-AF4D-616AD7DB3470}
		{8F1A0074-C392-4975-8020-55176D9CB0B5} = {F84DCF8A-FC1A-4677-AF4D-616AD7DB3470}
		{87197987-1524-4E8A-A7CB-4440BD22A395} = {3820D9E8-1B4E-486E-9C46-D52E3784D222}
		{9ADB89B5-54DA-4F25-B2D0-013A7FCEFABA} = {3820D9E8-1B4E-486E-9C46-D52E3784D222}
		{CF8C20AC-1FC4-4114-ACB8-6CE6E51F34F9} = {3820D9E8-1B4E-486E-9C46-D52E3784D222}
		{00D8AACE-6808-4AAC-A887-3E78C61FC294} = {F84DCF8A-FC1A-4677-AF4D-616AD7DB3470}
		{1F915FF1-1E27-4F1D-8025-934E39A9A85D} = {F84DCF8A-FC1A-4677-AF4D-616AD7DB3470}
	EndGlobalSection
	GlobalSection(ExtensibilityGlobals) = postSolution
		SolutionGuid = {03397421-4352-468F-9623-28CCE78AC381}
	EndGlobalSection
EndGlobal
